// !$*UTF8*$!
{
	archiveVersion = 1;
	classes = {
	};
	objectVersion = 70;
	objects = {

/* Begin PBXContainerItemProxy section */
		FA0000000000000000000090 /* PBXContainerItemProxy */ = {
			isa = PBXContainerItemProxy;
			containerPortal = FA0000000000000000000000 /* Project object */;
			proxyType = 1;
			remoteGlobalIDString = FA0000000000000000000040;
			remoteInfo = Ghostboard;
		};
/* End PBXContainerItemProxy section */

/* Begin PBXFileReference section */
		FA0000000000000000000001 /* Ghostboard.app */ = {isa = PBXFileReference; explicitFileType = wrapper.application; includeInIndex = 0; path = Ghostboard.app; sourceTree = BUILT_PRODUCTS_DIR; };
		FA0000000000000000000002 /* GhostboardTests.xctest */ = {isa = PBXFileReference; explicitFileType = wrapper.cfbundle; includeInIndex = 0; path = GhostboardTests.xctest; sourceTree = BUILT_PRODUCTS_DIR; };
		FA0000000000000000000003 /* Ghostboard-Info.plist */ = {isa = PBXFileReference; lastKnownFileType = text.plist.xml; path = "Ghostboard-Info.plist"; sourceTree = "<group>"; };
/* End PBXFileReference section */

/* Begin PBXFileSystemSynchronizedRootGroup section */
		FA0000000000000000000010 /* Ghostboard */ = {isa = PBXFileSystemSynchronizedRootGroup; explicitFileTypes = {}; explicitFolders = (); path = Ghostboard; sourceTree = "<group>"; };
		FA0000000000000000000011 /* GhostboardTests */ = {isa = PBXFileSystemSynchronizedRootGroup; explicitFileTypes = {}; explicitFolders = (); path = GhostboardTests; sourceTree = "<group>"; };
/* End PBXFileSystemSynchronizedRootGroup section */

/* Begin PBXFrameworksBuildPhase section */
		FA0000000000000000000020 /* Frameworks */ = {
			isa = PBXFrameworksBuildPhase;
			buildActionMask = 2147483647;
			files = (
			);
			runOnlyForDeploymentPostprocessing = 0;
		};
		FA0000000000000000000021 /* Frameworks */ = {
			isa = PBXFrameworksBuildPhase;
			buildActionMask = 2147483647;
			files = (
			);
			runOnlyForDeploymentPostprocessing = 0;
		};
/* End PBXFrameworksBuildPhase section */

/* Begin PBXGroup section */
		FA0000000000000000000030 = {
			isa = PBXGroup;
			children = (
				FA0000000000000000000003 /* Ghostboard-Info.plist */,
				FA0000000000000000000010 /* Ghostboard */,
				FA0000000000000000000011 /* GhostboardTests */,
				FA0000000000000000000031 /* Products */,
			);
			sourceTree = "<group>";
		};
		FA0000000000000000000031 /* Products */ = {
			isa = PBXGroup;
			children = (
				FA0000000000000000000001 /* Ghostboard.app */,
				FA0000000000000000000002 /* GhostboardTests.xctest */,
			);
			name = Products;
			sourceTree = "<group>";
		};
/* End PBXGroup section */

/* Begin PBXNativeTarget section */
		FA0000000000000000000040 /* Ghostboard */ = {
			isa = PBXNativeTarget;
			buildConfigurationList = FA0000000000000000000070 /* Build configuration list for PBXNativeTarget "Ghostboard" */;
			buildPhases = (
				FA0000000000000000000050 /* Sources */,
				FA0000000000000000000020 /* Frameworks */,
				FA0000000000000000000060 /* Resources */,
			);
			buildRules = (
			);
			dependencies = (
			);
			fileSystemSynchronizedGroups = (
				FA0000000000000000000010 /* Ghostboard */,
			);
			name = Ghostboard;
			packageProductDependencies = (
			);
			productName = Ghostboard;
			productReference = FA0000000000000000000001 /* Ghostboard.app */;
			productType = "com.apple.product-type.application";
		};
		FA0000000000000000000041 /* GhostboardTests */ = {
			isa = PBXNativeTarget;
			buildConfigurationList = FA0000000000000000000071 /* Build configuration list for PBXNativeTarget "GhostboardTests" */;
			buildPhases = (
				FA0000000000000000000051 /* Sources */,
				FA0000000000000000000021 /* Frameworks */,
				FA0000000000000000000061 /* Resources */,
			);
			buildRules = (
			);
			dependencies = (
				FA0000000000000000000091 /* PBXTargetDependency */,
			);
			fileSystemSynchronizedGroups = (
				FA0000000000000000000011 /* GhostboardTests */,
			);
			name = GhostboardTests;
			packageProductDependencies = (
			);
			productName = GhostboardTests;
			productReference = FA0000000000000000000002 /* GhostboardTests.xctest */;
			productType = "com.apple.product-type.bundle.unit-test";
		};
/* End PBXNativeTarget section */

/* Begin PBXProject section */
		FA0000000000000000000000 /* Project object */ = {
			isa = PBXProject;
			attributes = {
				BuildIndependentTargetsInParallel = 1;
				LastSwiftUpdateCheck = 2600;
				LastUpgradeCheck = 2600;
				TargetAttributes = {
					FA0000000000000000000040 = {
						CreatedOnToolsVersion = 16.0;
					};
					FA0000000000000000000041 = {
						CreatedOnToolsVersion = 16.0;
						TestTargetID = FA0000000000000000000040;
					};
				};
			};
			buildConfigurationList = FA0000000000000000000072 /* Build configuration list for PBXProject "Ghostboard" */;
			compatibilityVersion = "Xcode 15.0";
			developmentRegion = en;
			hasScannedForEncodings = 0;
			knownRegions = (
				en,
				Base,
			);
			mainGroup = FA0000000000000000000030;
			minimizedProjectReferenceProxies = 1;
			productRefGroup = FA0000000000000000000031 /* Products */;
			projectDirPath = "";
			projectRoot = "";
			targets = (
				FA0000000000000000000040 /* Ghostboard */,
				FA0000000000000000000041 /* GhostboardTests */,
			);
		};
/* End PBXProject section */

/* Begin PBXResourcesBuildPhase section */
		FA0000000000000000000060 /* Resources */ = {
			isa = PBXResourcesBuildPhase;
			buildActionMask = 2147483647;
			files = (
			);
			runOnlyForDeploymentPostprocessing = 0;
		};
		FA0000000000000000000061 /* Resources */ = {
			isa = PBXResourcesBuildPhase;
			buildActionMask = 2147483647;
			files = (
			);
			runOnlyForDeploymentPostprocessing = 0;
		};
/* End PBXResourcesBuildPhase section */

/* Begin PBXSourcesBuildPhase section */
		FA0000000000000000000050 /* Sources */ = {
			isa = PBXSourcesBuildPhase;
			buildActionMask = 2147483647;
			files = (
			);
			runOnlyForDeploymentPostprocessing = 0;
		};
		FA0000000000000000000051 /* Sources */ = {
			isa = PBXSourcesBuildPhase;
			buildActionMask = 2147483647;
			files = (
			);
			runOnlyForDeploymentPostprocessing = 0;
		};
/* End PBXSourcesBuildPhase section */

/* Begin PBXTargetDependency section */
		FA0000000000000000000091 /* PBXTargetDependency */ = {
			isa = PBXTargetDependency;
			target = FA0000000000000000000040 /* Ghostboard */;
			targetProxy = FA0000000000000000000090 /* PBXContainerItemProxy */;
		};
/* End PBXTargetDependency section */

/* Begin XCBuildConfiguration section */
		FA0000000000000000000080 /* Debug */ = {
			isa = XCBuildConfiguration;
			buildSettings = {
				ALWAYS_SEARCH_USER_PATHS = NO;
				CLANG_ENABLE_MODULES = YES;
				CLANG_ENABLE_OBJC_ARC = YES;
				COPY_PHASE_STRIP = NO;
				DEBUG_INFORMATION_FORMAT = dwarf;
				ENABLE_STRICT_OBJC_MSGSEND = YES;
				ENABLE_TESTABILITY = YES;
				ENABLE_USER_SCRIPT_SANDBOXING = YES;
				GCC_C_LANGUAGE_STANDARD = gnu17;
				GCC_DYNAMIC_NO_PIC = NO;
				GCC_NO_COMMON_BLOCKS = YES;
				GCC_OPTIMIZATION_LEVEL = 0;
				GCC_PREPROCESSOR_DEFINITIONS = (
					"DEBUG=1",
					"$(inherited)",
				);
				IPHONEOS_DEPLOYMENT_TARGET = 17.0;
				MTL_ENABLE_DEBUG_INFO = INCLUDE_SOURCE;
				MTL_FAST_MATH = YES;
				ONLY_ACTIVE_ARCH = YES;
				SDKROOT = iphoneos;
				SWIFT_ACTIVE_COMPILATION_CONDITIONS = "DEBUG $(inherited)";
				SWIFT_OPTIMIZATION_LEVEL = "-Onone";
				SWIFT_VERSION = 5.0;
			};
			name = Debug;
		};
		FA0000000000000000000081 /* Release */ = {
			isa = XCBuildConfiguration;
			buildSettings = {
				ALWAYS_SEARCH_USER_PATHS = NO;
				CLANG_ENABLE_MODULES = YES;
				CLANG_ENABLE_OBJC_ARC = YES;
				COPY_PHASE_STRIP = NO;
				DEBUG_INFORMATION_FORMAT = "dwarf-with-dsym";
				ENABLE_NS_ASSERTIONS = NO;
				ENABLE_STRICT_OBJC_MSGSEND = YES;
				ENABLE_USER_SCRIPT_SANDBOXING = YES;
				GCC_C_LANGUAGE_STANDARD = gnu17;
				GCC_NO_COMMON_BLOCKS = YES;
				IPHONEOS_DEPLOYMENT_TARGET = 17.0;
				MTL_ENABLE_DEBUG_INFO = NO;
				MTL_FAST_MATH = YES;
				SDKROOT = iphoneos;
				SWIFT_COMPILATION_MODE = wholemodule;
				SWIFT_VERSION = 5.0;
				VALIDATE_PRODUCT = YES;
			};
			name = Release;
		};
		FA0000000000000000000082 /* Debug */ = {
			isa = XCBuildConfiguration;
			buildSettings = {
				ASSETCATALOG_COMPILER_APPICON_NAME = AppIcon;
				ASSETCATALOG_COMPILER_GLOBAL_ACCENT_COLOR_NAME = AccentColor;
				CODE_SIGN_STYLE = Automatic;
				CURRENT_PROJECT_VERSION = 1;
				DEVELOPMENT_TEAM = HL32Z2K3ZU;
				ENABLE_PREVIEWS = YES;
				GENERATE_INFOPLIST_FILE = NO;
				INFOPLIST_FILE = "Ghostboard-Info.plist";
				LD_RUNPATH_SEARCH_PATHS = (
					"$(inherited)",
					"@executable_path/Frameworks",
				);
				MARKETING_VERSION = 0.1.0;
				PRODUCT_BUNDLE_IDENTIFIER = com.ghostboard.companion;
				PRODUCT_NAME = "$(TARGET_NAME)";
				SWIFT_EMIT_LOC_STRINGS = YES;
				TARGETED_DEVICE_FAMILY = "1,2";
			};
			name = Debug;
		};
		FA0000000000000000000083 /* Release */ = {
			isa = XCBuildConfiguration;
			buildSettings = {
				ASSETCATALOG_COMPILER_APPICON_NAME = AppIcon;
				ASSETCATALOG_COMPILER_GLOBAL_ACCENT_COLOR_NAME = AccentColor;
				CODE_SIGN_STYLE = Automatic;
				CURRENT_PROJECT_VERSION = 1;
				DEVELOPMENT_TEAM = HL32Z2K3ZU;
				ENABLE_PREVIEWS = YES;
				GENERATE_INFOPLIST_FILE = NO;
				INFOPLIST_FILE = "Ghostboard-Info.plist";
				LD_RUNPATH_SEARCH_PATHS = (
					"$(inherited)",
					"@executable_path/Frameworks",
				);
				MARKETING_VERSION = 0.1.0;
				PRODUCT_BUNDLE_IDENTIFIER = com.ghostboard.companion;
				PRODUCT_NAME = "$(TARGET_NAME)";
				SWIFT_EMIT_LOC_STRINGS = YES;
				TARGETED_DEVICE_FAMILY = "1,2";
			};
			name = Release;
		};
		FA0000000000000000000084 /* Debug */ = {
			isa = XCBuildConfiguration;
			buildSettings = {
				BUNDLE_LOADER = "$(TEST_HOST)";
				CODE_SIGN_STYLE = Automatic;
				CURRENT_PROJECT_VERSION = 1;
				DEVELOPMENT_TEAM = HL32Z2K3ZU;
				GENERATE_INFOPLIST_FILE = YES;
				MARKETING_VERSION = 0.1.0;
				PRODUCT_BUNDLE_IDENTIFIER = com.ghostboard.companion.tests;
				PRODUCT_NAME = "$(TARGET_NAME)";
				TEST_HOST = "$(BUILT_PRODUCTS_DIR)/Ghostboard.app/$(BUNDLE_EXECUTABLE_FOLDER_PATH)/Ghostboard";
			};
			name = Debug;
		};
		FA0000000000000000000085 /* Release */ = {
			isa = XCBuildConfiguration;
			buildSettings = {
				BUNDLE_LOADER = "$(TEST_HOST)";
				CODE_SIGN_STYLE = Automatic;
				CURRENT_PROJECT_VERSION = 1;
				DEVELOPMENT_TEAM = HL32Z2K3ZU;
				GENERATE_INFOPLIST_FILE = YES;
				MARKETING_VERSION = 0.1.0;
				PRODUCT_BUNDLE_IDENTIFIER = com.ghostboard.companion.tests;
				PRODUCT_NAME = "$(TARGET_NAME)";
				TEST_HOST = "$(BUILT_PRODUCTS_DIR)/Ghostboard.app/$(BUNDLE_EXECUTABLE_FOLDER_PATH)/Ghostboard";
			};
			name = Release;
		};
/* End XCBuildConfiguration section */

/* Begin XCConfigurationList section */
		FA0000000000000000000070 /* Build configuration list for PBXNativeTarget "Ghostboard" */ = {
			isa = XCConfigurationList;
			buildConfigurations = (
				FA0000000000000000000082 /* Debug */,
				FA0000000000000000000083 /* Release */,
			);
			defaultConfigurationIsVisible = 0;
			defaultConfigurationName = Release;
		};
		FA0000000000000000000071 /* Build configuration list for PBXNativeTarget "GhostboardTests" */ = {
			isa = XCConfigurationList;
			buildConfigurations = (
				FA0000000000000000000084 /* Debug */,
				FA0000000000000000000085 /* Release */,
			);
			defaultConfigurationIsVisible = 0;
			defaultConfigurationName = Release;
		};
		FA0000000000000000000072 /* Build configuration list for PBXProject "Ghostboard" */ = {
			isa = XCConfigurationList;
			buildConfigurations = (
				FA0000000000000000000080 /* Debug */,
				FA0000000000000000000081 /* Release */,
			);
			defaultConfigurationIsVisible = 0;
			defaultConfigurationName = Release;
		};
/* End XCConfigurationList section */
	};
	rootObject = FA0000000000000000000000 /* Project object */;
}
